
Microsoft Visual Studio Solution File, Format Version 12.00
# Visual Studio Version 17
VisualStudioVersion = 17.8.34330.188
MinimumVisualStudioVersion = 10.0.40219.1
Project("{9A19103F-16F7-4668-BE54-9A1E7A4F7556}") = "01. Check or an excellent rating", "01. Check or an excellent rating.csproj", "{A05E8012-172F-41EF-8CEE-B4ED5CD6C2FC}"
EndProject
Project("{9A19103F-16F7-4668-BE54-9A1E7A4F7556}") = "02. Larger number", "..\02. Larger number\02. Larger number.csproj", "{288C2E09-70D9-46E3-9D5B-CE1111E1D80E}"
EndProject
Project("{9A19103F-16F7-4668-BE54-9A1E7A4F7556}") = "03. Number from 0 to 9 with words", "..\03. Number from 0 to 9 with words\03. Number from 0 to 9 with words.csproj", "{9010FFA5-552A-4D2A-BBAF-9CAFD288F80C}"
EndProject
Project("{9A19103F-16F7-4668-BE54-9A1E7A4F7556}") = "04. Face of figures", "..\04. Face of figures\04. Face of figures.csproj", "{5ACFF159-395F-457B-BBEE-B17E7403CD78}"
EndProject
Project("{9A19103F-16F7-4668-BE54-9A1E7A4F7556}") = "05. Days of the week", "..\05. Days of the week\05. Days of the week.csproj", "{D1DD661E-2847-41F3-ACBC-6527E70E987B}"
EndProject
Project("{9A19103F-16F7-4668-BE54-9A1E7A4F7556}") = "06. Even or odd", "..\06. Even or odd\06. Even or odd.csproj", "{744F70BB-3E36-47C8-9F52-A940849A850F}"
EndProject
Project("{9A19103F-16F7-4668-BE54-9A1E7A4F7556}") = "07. Speed", "..\07. Speed\07. Speed.csproj", "{83338E5C-9553-4A3C-AB2D-86D060FE2331}"
EndProject
Project("{9A19103F-16F7-4668-BE54-9A1E7A4F7556}") = "08. Alarm after 15 minutes", "..\08. Alarm after 15 minutes\08. Alarm after 15 minutes.csproj", "{BFC34C1D-A31C-4347-9FFF-24D3C74D5209}"
EndProject
Project("{9A19103F-16F7-4668-BE54-9A1E7A4F7556}") = "09. Address by age and gender", "..\09. Address by age and gender\09. Address by age and gender.csproj", "{DD91AC7B-760C-4A37-B35C-B4F11A512300}"
EndProject
Project("{9A19103F-16F7-4668-BE54-9A1E7A4F7556}") = "10. Grocery", "..\10. Grocery\10. Grocery.csproj", "{E74395E2-9506-4A12-BB4B-7B112D4FEE6B}"
EndProject
Project("{FAE04EC0-301F-11D3-BF4B-00C04F79EFBC}") = "11.  Number in the range", "..\11.  Number in the range\11.  Number in the range.csproj", "{DA0E43E3-9552-4D1D-B778-E9D738D4BFF9}"
EndProject
Project("{FAE04EC0-301F-11D3-BF4B-00C04F79EFBC}") = "12. Simple Calculator", "..\12. Simple Calculator\12. Simple Calculator.csproj", "{90D719FE-C95E-417E-ABA4-1E5AEB2DAD7E}"
EndProject
Project("{FAE04EC0-301F-11D3-BF4B-00C04F79EFBC}") = "13. Vegetable market", "..\13. Vegetable market\13. Vegetable market.csproj", "{A1FA3309-226F-47EC-ADD5-903D0DFBD80B}"
EndProject
Project("{FAE04EC0-301F-11D3-BF4B-00C04F79EFBC}") = "14. Holiday", "..\14. Holiday\14. Holiday.csproj", "{3FC4AC57-F831-4B56-B73C-4CD427CE688D}"
EndProject
Global
	GlobalSection(SolutionConfigurationPlatforms) = preSolution
		Debug|Any CPU = Debug|Any CPU
		Release|Any CPU = Release|Any CPU
	EndGlobalSection
	GlobalSection(ProjectConfigurationPlatforms) = postSolution
		{A05E8012-172F-41EF-8CEE-B4ED5CD6C2FC}.Debug|Any CPU.ActiveCfg = Debug|Any CPU
		{A05E8012-172F-41EF-8CEE-B4ED5CD6C2FC}.Debug|Any CPU.Build.0 = Debug|Any CPU
		{A05E8012-172F-41EF-8CEE-B4ED5CD6C2FC}.Release|Any CPU.ActiveCfg = Release|Any CPU
		{A05E8012-172F-41EF-8CEE-B4ED5CD6C2FC}.Release|Any CPU.Build.0 = Release|Any CPU
		{288C2E09-70D9-46E3-9D5B-CE1111E1D80E}.Debug|Any CPU.ActiveCfg = Debug|Any CPU
		{288C2E09-70D9-46E3-9D5B-CE1111E1D80E}.Debug|Any CPU.Build.0 = Debug|Any CPU
		{288C2E09-70D9-46E3-9D5B-CE1111E1D80E}.Release|Any CPU.ActiveCfg = Release|Any CPU
		{288C2E09-70D9-46E3-9D5B-CE1111E1D80E}.Release|Any CPU.Build.0 = Release|Any CPU
		{9010FFA5-552A-4D2A-BBAF-9CAFD288F80C}.Debug|Any CPU.ActiveCfg = Debug|Any CPU
		{9010FFA5-552A-4D2A-BBAF-9CAFD288F80C}.Debug|Any CPU.Build.0 = Debug|Any CPU
		{9010FFA5-552A-4D2A-BBAF-9CAFD288F80C}.Release|Any CPU.ActiveCfg = Release|Any CPU
		{9010FFA5-552A-4D2A-BBAF-9CAFD288F80C}.Release|Any CPU.Build.0 = Release|Any CPU
		{5ACFF159-395F-457B-BBEE-B17E7403CD78}.Debug|Any CPU.ActiveCfg = Debug|Any CPU
		{5ACFF159-395F-457B-BBEE-B17E7403CD78}.Debug|Any CPU.Build.0 = Debug|Any CPU
		{5ACFF159-395F-457B-BBEE-B17E7403CD78}.Release|Any CPU.ActiveCfg = Release|Any CPU
		{5ACFF159-395F-457B-BBEE-B17E7403CD78}.Release|Any CPU.Build.0 = Release|Any CPU
		{D1DD661E-2847-41F3-ACBC-6527E70E987B}.Debug|Any CPU.ActiveCfg = Debug|Any CPU
		{D1DD661E-2847-41F3-ACBC-6527E70E987B}.Debug|Any CPU.Build.0 = Debug|Any CPU
		{D1DD661E-2847-41F3-ACBC-6527E70E987B}.Release|Any CPU.ActiveCfg = Release|Any CPU
		{D1DD661E-2847-41F3-ACBC-6527E70E987B}.Release|Any CPU.Build.0 = Release|Any CPU
		{744F70BB-3E36-47C8-9F52-A940849A850F}.Debug|Any CPU.ActiveCfg = Debug|Any CPU
		{744F70BB-3E36-47C8-9F52-A940849A850F}.Debug|Any CPU.Build.0 = Debug|Any CPU
		{744F70BB-3E36-47C8-9F52-A940849A850F}.Release|Any CPU.ActiveCfg = Release|Any CPU
		{744F70BB-3E36-47C8-9F52-A940849A850F}.Release|Any CPU.Build.0 = Release|Any CPU
		{83338E5C-9553-4A3C-AB2D-86D060FE2331}.Debug|Any CPU.ActiveCfg = Debug|Any CPU
		{83338E5C-9553-4A3C-AB2D-86D060FE2331}.Debug|Any CPU.Build.0 = Debug|Any CPU
		{83338E5C-9553-4A3C-AB2D-86D060FE2331}.Release|Any CPU.ActiveCfg = Release|Any CPU
		{83338E5C-9553-4A3C-AB2D-86D060FE2331}.Release|Any CPU.Build.0 = Release|Any CPU
		{BFC34C1D-A31C-4347-9FFF-24D3C74D5209}.Debug|Any CPU.ActiveCfg = Debug|Any CPU
		{BFC34C1D-A31C-4347-9FFF-24D3C74D5209}.Debug|Any CPU.Build.0 = Debug|Any CPU
		{BFC34C1D-A31C-4347-9FFF-24D3C74D5209}.Release|Any CPU.ActiveCfg = Release|Any CPU
		{BFC34C1D-A31C-4347-9FFF-24D3C74D5209}.Release|Any CPU.Build.0 = Release|Any CPU
		{DD91AC7B-760C-4A37-B35C-B4F11A512300}.Debug|Any CPU.ActiveCfg = Debug|Any CPU
		{DD91AC7B-760C-4A37-B35C-B4F11A512300}.Debug|Any CPU.Build.0 = Debug|Any CPU
		{DD91AC7B-760C-4A37-B35C-B4F11A512300}.Release|Any CPU.ActiveCfg = Release|Any CPU
		{DD91AC7B-760C-4A37-B35C-B4F11A512300}.Release|Any CPU.Build.0 = Release|Any CPU
		{E74395E2-9506-4A12-BB4B-7B112D4FEE6B}.Debug|Any CPU.ActiveCfg = Debug|Any CPU
		{E74395E2-9506-4A12-BB4B-7B112D4FEE6B}.Debug|Any CPU.Build.0 = Debug|Any CPU
		{E74395E2-9506-4A12-BB4B-7B112D4FEE6B}.Release|Any CPU.ActiveCfg = Release|Any CPU
		{E74395E2-9506-4A12-BB4B-7B112D4FEE6B}.Release|Any CPU.Build.0 = Release|Any CPU
		{DA0E43E3-9552-4D1D-B778-E9D738D4BFF9}.Debug|Any CPU.ActiveCfg = Debug|Any CPU
		{DA0E43E3-9552-4D1D-B778-E9D738D4BFF9}.Debug|Any CPU.Build.0 = Debug|Any CPU
		{DA0E43E3-9552-4D1D-B778-E9D738D4BFF9}.Release|Any CPU.ActiveCfg = Release|Any CPU
		{DA0E43E3-9552-4D1D-B778-E9D738D4BFF9}.Release|Any CPU.Build.0 = Release|Any CPU
		{90D719FE-C95E-417E-ABA4-1E5AEB2DAD7E}.Debug|Any CPU.ActiveCfg = Debug|Any CPU
		{90D719FE-C95E-417E-ABA4-1E5AEB2DAD7E}.Debug|Any CPU.Build.0 = Debug|Any CPU
		{90D719FE-C95E-417E-ABA4-1E5AEB2DAD7E}.Release|Any CPU.ActiveCfg = Release|Any CPU
		{90D719FE-C95E-417E-ABA4-1E5AEB2DAD7E}.Release|Any CPU.Build.0 = Release|Any CPU
		{A1FA3309-226F-47EC-ADD5-903D0DFBD80B}.Debug|Any CPU.ActiveCfg = Debug|Any CPU
		{A1FA3309-226F-47EC-ADD5-903D0DFBD80B}.Debug|Any CPU.Build.0 = Debug|Any CPU
		{A1FA3309-226F-47EC-ADD5-903D0DFBD80B}.Release|Any CPU.ActiveCfg = Release|Any CPU
		{A1FA3309-226F-47EC-ADD5-903D0DFBD80B}.Release|Any CPU.Build.0 = Release|Any CPU
		{3FC4AC57-F831-4B56-B73C-4CD427CE688D}.Debug|Any CPU.ActiveCfg = Debug|Any CPU
		{3FC4AC57-F831-4B56-B73C-4CD427CE688D}.Debug|Any CPU.Build.0 = Debug|Any CPU
		{3FC4AC57-F831-4B56-B73C-4CD427CE688D}.Release|Any CPU.ActiveCfg = Release|Any CPU
		{3FC4AC57-F831-4B56-B73C-4CD427CE688D}.Release|Any CPU.Build.0 = Release|Any CPU
	EndGlobalSection
	GlobalSection(SolutionProperties) = preSolution
		HideSolutionNode = FALSE
	EndGlobalSection
	GlobalSection(ExtensibilityGlobals) = postSolution
		SolutionGuid = {0CBA4714-7508-46F2-BC8E-D22E3B91F990}
	EndGlobalSection
EndGlobal
